// !$*UTF8*$!
{
	archiveVersion = 1;
	classes = {
	};
	objectVersion = 56;
	objects = {

/* Begin PBXBuildFile section */
		8C429FB72C609D0600053362 /* Compass_TestUITests.swift in Sources */ = {isa = PBXBuildFile; fileRef = 8C429FB42C609D0600053362 /* Compass_TestUITests.swift */; };
		8C429FB82C609D0600053362 /* Compass_TestUITestsLaunchTests.swift in Sources */ = {isa = PBXBuildFile; fileRef = 8C429FB52C609D0600053362 /* Compass_TestUITestsLaunchTests.swift */; };
		8C429FBA2C609E2900053362 /* MainDependenciesResolverTests.swift in Sources */ = {isa = PBXBuildFile; fileRef = 8C429FB92C609E2900053362 /* MainDependenciesResolverTests.swift */; };
		8C429FBC2C60A0CF00053362 /* Mocks.swift in Sources */ = {isa = PBXBuildFile; fileRef = 8C429FBB2C60A0CF00053362 /* Mocks.swift */; };
		8C429FBE2C60A2B700053362 /* Every10thCharacterRepositoryTests.swift in Sources */ = {isa = PBXBuildFile; fileRef = 8C429FBD2C60A2B700053362 /* Every10thCharacterRepositoryTests.swift */; };
		8C429FC02C61106B00053362 /* WordCountRepositoryTests.swift in Sources */ = {isa = PBXBuildFile; fileRef = 8C429FBF2C61106B00053362 /* WordCountRepositoryTests.swift */; };
		8C429FC22C6121A700053362 /* Every10thCharacterUseCaseTests.swift in Sources */ = {isa = PBXBuildFile; fileRef = 8C429FC12C6121A700053362 /* Every10thCharacterUseCaseTests.swift */; };
		8C429FC42C6123C200053362 /* WordCountUseCaseTests.swift in Sources */ = {isa = PBXBuildFile; fileRef = 8C429FC32C6123C200053362 /* WordCountUseCaseTests.swift */; };
		8C429FC62C61261200053362 /* MainViewModelTests.swift in Sources */ = {isa = PBXBuildFile; fileRef = 8C429FC52C61261200053362 /* MainViewModelTests.swift */; };
		8CB2AFCC2C602F2A00BEF75F /* Compass_TestApp.swift in Sources */ = {isa = PBXBuildFile; fileRef = 8CB2AFCB2C602F2A00BEF75F /* Compass_TestApp.swift */; };
		8CB2AFCE2C602F2A00BEF75F /* ContentView.swift in Sources */ = {isa = PBXBuildFile; fileRef = 8CB2AFCD2C602F2A00BEF75F /* ContentView.swift */; };
		8CB2AFD02C602F2B00BEF75F /* Assets.xcassets in Resources */ = {isa = PBXBuildFile; fileRef = 8CB2AFCF2C602F2B00BEF75F /* Assets.xcassets */; };
		8CB2AFD42C602F2B00BEF75F /* Preview Assets.xcassets in Resources */ = {isa = PBXBuildFile; fileRef = 8CB2AFD32C602F2B00BEF75F /* Preview Assets.xcassets */; };
		8CB2AFDE2C602F2C00BEF75F /* DefaultSchedulerProviderTests.swift in Sources */ = {isa = PBXBuildFile; fileRef = 8CB2AFDD2C602F2C00BEF75F /* DefaultSchedulerProviderTests.swift */; };
		8CB2B0152C6039A300BEF75F /* DataLayerProtocols.swift in Sources */ = {isa = PBXBuildFile; fileRef = 8CB2B0142C6039A300BEF75F /* DataLayerProtocols.swift */; };
		8CB2B0172C6039D700BEF75F /* NetworkingDataSource.swift in Sources */ = {isa = PBXBuildFile; fileRef = 8CB2B0162C6039D700BEF75F /* NetworkingDataSource.swift */; };
		8CB2B0192C603A2400BEF75F /* InMemoryCacheDataSource.swift in Sources */ = {isa = PBXBuildFile; fileRef = 8CB2B0182C603A2400BEF75F /* InMemoryCacheDataSource.swift */; };
		8CB2B01B2C603C2000BEF75F /* Every10thCharacterDTO.swift in Sources */ = {isa = PBXBuildFile; fileRef = 8CB2B01A2C603C2000BEF75F /* Every10thCharacterDTO.swift */; };
		8CB2B01D2C603C3A00BEF75F /* WordCountDTO.swift in Sources */ = {isa = PBXBuildFile; fileRef = 8CB2B01C2C603C3A00BEF75F /* WordCountDTO.swift */; };
		8CB2B0212C603D0700BEF75F /* Every10thCharacterModel.swift in Sources */ = {isa = PBXBuildFile; fileRef = 8CB2B0202C603D0700BEF75F /* Every10thCharacterModel.swift */; };
		8CB2B0232C603D1900BEF75F /* WordCountModel.swift in Sources */ = {isa = PBXBuildFile; fileRef = 8CB2B0222C603D1900BEF75F /* WordCountModel.swift */; };
		8CB2B02C2C60529400BEF75F /* Every10thCharacterRepository.swift in Sources */ = {isa = PBXBuildFile; fileRef = 8CB2B02B2C60529400BEF75F /* Every10thCharacterRepository.swift */; };
		8CB2B0302C6057CB00BEF75F /* WordCountRepository.swift in Sources */ = {isa = PBXBuildFile; fileRef = 8CB2B02F2C6057CB00BEF75F /* WordCountRepository.swift */; };
		8CB2B0322C605D8500BEF75F /* DataLayerError.swift in Sources */ = {isa = PBXBuildFile; fileRef = 8CB2B0312C605D8500BEF75F /* DataLayerError.swift */; };
		8CB2B0342C60607000BEF75F /* UserDefaultsCacheDataSource.swift in Sources */ = {isa = PBXBuildFile; fileRef = 8CB2B0332C60607000BEF75F /* UserDefaultsCacheDataSource.swift */; };
		8CB2B0372C60639700BEF75F /* Every10thCharacterUseCase.swift in Sources */ = {isa = PBXBuildFile; fileRef = 8CB2B0362C60639700BEF75F /* Every10thCharacterUseCase.swift */; };
		8CB2B0392C6063B800BEF75F /* DomainLayerProtocols.swift in Sources */ = {isa = PBXBuildFile; fileRef = 8CB2B0382C6063B800BEF75F /* DomainLayerProtocols.swift */; };
		8CB2B03D2C6064F900BEF75F /* MainViewModel.swift in Sources */ = {isa = PBXBuildFile; fileRef = 8CB2B03C2C6064F900BEF75F /* MainViewModel.swift */; };
		8CB2B0432C60792C00BEF75F /* WordCountUseCase.swift in Sources */ = {isa = PBXBuildFile; fileRef = 8CB2B0422C60792C00BEF75F /* WordCountUseCase.swift */; };
		8CB2B0462C608C1F00BEF75F /* CoreProtocols.swift in Sources */ = {isa = PBXBuildFile; fileRef = 8CB2B0452C608C1F00BEF75F /* CoreProtocols.swift */; };
		8CB2B0482C608D2C00BEF75F /* DefaultSchedulerProvider.swift in Sources */ = {isa = PBXBuildFile; fileRef = 8CB2B0472C608D2C00BEF75F /* DefaultSchedulerProvider.swift */; };
		8CB2B04A2C60944300BEF75F /* MainDependenciesResolver.swift in Sources */ = {isa = PBXBuildFile; fileRef = 8CB2B0492C60944300BEF75F /* MainDependenciesResolver.swift */; };
/* End PBXBuildFile section */

/* Begin PBXContainerItemProxy section */
		8CB2AFDA2C602F2C00BEF75F /* PBXContainerItemProxy */ = {
			isa = PBXContainerItemProxy;
			containerPortal = 8CB2AFC02C602F2A00BEF75F /* Project object */;
			proxyType = 1;
			remoteGlobalIDString = 8CB2AFC72C602F2A00BEF75F;
			remoteInfo = "Compass Test";
		};
		8CB2AFE42C602F2C00BEF75F /* PBXContainerItemProxy */ = {
			isa = PBXContainerItemProxy;
			containerPortal = 8CB2AFC02C602F2A00BEF75F /* Project object */;
			proxyType = 1;
			remoteGlobalIDString = 8CB2AFC72C602F2A00BEF75F;
			remoteInfo = "Compass Test";
		};
/* End PBXContainerItemProxy section */

/* Begin PBXFileReference section */
		8C429FB42C609D0600053362 /* Compass_TestUITests.swift */ = {isa = PBXFileReference; fileEncoding = 4; lastKnownFileType = sourcecode.swift; path = Compass_TestUITests.swift; sourceTree = "<group>"; };
		8C429FB52C609D0600053362 /* Compass_TestUITestsLaunchTests.swift */ = {isa = PBXFileReference; fileEncoding = 4; lastKnownFileType = sourcecode.swift; path = Compass_TestUITestsLaunchTests.swift; sourceTree = "<group>"; };
		8C429FB92C609E2900053362 /* MainDependenciesResolverTests.swift */ = {isa = PBXFileReference; lastKnownFileType = sourcecode.swift; path = MainDependenciesResolverTests.swift; sourceTree = "<group>"; };
		8C429FBB2C60A0CF00053362 /* Mocks.swift */ = {isa = PBXFileReference; lastKnownFileType = sourcecode.swift; path = Mocks.swift; sourceTree = "<group>"; };
		8C429FBD2C60A2B700053362 /* Every10thCharacterRepositoryTests.swift */ = {isa = PBXFileReference; lastKnownFileType = sourcecode.swift; path = Every10thCharacterRepositoryTests.swift; sourceTree = "<group>"; };
		8C429FBF2C61106B00053362 /* WordCountRepositoryTests.swift */ = {isa = PBXFileReference; lastKnownFileType = sourcecode.swift; path = WordCountRepositoryTests.swift; sourceTree = "<group>"; };
		8C429FC12C6121A700053362 /* Every10thCharacterUseCaseTests.swift */ = {isa = PBXFileReference; lastKnownFileType = sourcecode.swift; path = Every10thCharacterUseCaseTests.swift; sourceTree = "<group>"; };
		8C429FC32C6123C200053362 /* WordCountUseCaseTests.swift */ = {isa = PBXFileReference; lastKnownFileType = sourcecode.swift; path = WordCountUseCaseTests.swift; sourceTree = "<group>"; };
		8C429FC52C61261200053362 /* MainViewModelTests.swift */ = {isa = PBXFileReference; lastKnownFileType = sourcecode.swift; path = MainViewModelTests.swift; sourceTree = "<group>"; };
		8CB2AFC82C602F2A00BEF75F /* Compass Test.app */ = {isa = PBXFileReference; explicitFileType = wrapper.application; includeInIndex = 0; path = "Compass Test.app"; sourceTree = BUILT_PRODUCTS_DIR; };
		8CB2AFCB2C602F2A00BEF75F /* Compass_TestApp.swift */ = {isa = PBXFileReference; lastKnownFileType = sourcecode.swift; path = Compass_TestApp.swift; sourceTree = "<group>"; };
		8CB2AFCD2C602F2A00BEF75F /* ContentView.swift */ = {isa = PBXFileReference; lastKnownFileType = sourcecode.swift; path = ContentView.swift; sourceTree = "<group>"; };
		8CB2AFCF2C602F2B00BEF75F /* Assets.xcassets */ = {isa = PBXFileReference; lastKnownFileType = folder.assetcatalog; path = Assets.xcassets; sourceTree = "<group>"; };
		8CB2AFD12C602F2B00BEF75F /* Compass_Test.entitlements */ = {isa = PBXFileReference; lastKnownFileType = text.plist.entitlements; path = Compass_Test.entitlements; sourceTree = "<group>"; };
		8CB2AFD32C602F2B00BEF75F /* Preview Assets.xcassets */ = {isa = PBXFileReference; lastKnownFileType = folder.assetcatalog; path = "Preview Assets.xcassets"; sourceTree = "<group>"; };
		8CB2AFD92C602F2B00BEF75F /* Compass TestTests.xctest */ = {isa = PBXFileReference; explicitFileType = wrapper.cfbundle; includeInIndex = 0; path = "Compass TestTests.xctest"; sourceTree = BUILT_PRODUCTS_DIR; };
		8CB2AFDD2C602F2C00BEF75F /* DefaultSchedulerProviderTests.swift */ = {isa = PBXFileReference; lastKnownFileType = sourcecode.swift; path = DefaultSchedulerProviderTests.swift; sourceTree = "<group>"; };
		8CB2AFE32C602F2C00BEF75F /* Compass TestUITests.xctest */ = {isa = PBXFileReference; explicitFileType = wrapper.cfbundle; includeInIndex = 0; path = "Compass TestUITests.xctest"; sourceTree = BUILT_PRODUCTS_DIR; };
		8CB2B0142C6039A300BEF75F /* DataLayerProtocols.swift */ = {isa = PBXFileReference; lastKnownFileType = sourcecode.swift; path = DataLayerProtocols.swift; sourceTree = "<group>"; };
		8CB2B0162C6039D700BEF75F /* NetworkingDataSource.swift */ = {isa = PBXFileReference; lastKnownFileType = sourcecode.swift; path = NetworkingDataSource.swift; sourceTree = "<group>"; };
		8CB2B0182C603A2400BEF75F /* InMemoryCacheDataSource.swift */ = {isa = PBXFileReference; lastKnownFileType = sourcecode.swift; path = InMemoryCacheDataSource.swift; sourceTree = "<group>"; };
		8CB2B01A2C603C2000BEF75F /* Every10thCharacterDTO.swift */ = {isa = PBXFileReference; lastKnownFileType = sourcecode.swift; path = Every10thCharacterDTO.swift; sourceTree = "<group>"; };
		8CB2B01C2C603C3A00BEF75F /* WordCountDTO.swift */ = {isa = PBXFileReference; lastKnownFileType = sourcecode.swift; path = WordCountDTO.swift; sourceTree = "<group>"; };
		8CB2B0202C603D0700BEF75F /* Every10thCharacterModel.swift */ = {isa = PBXFileReference; lastKnownFileType = sourcecode.swift; path = Every10thCharacterModel.swift; sourceTree = "<group>"; };
		8CB2B0222C603D1900BEF75F /* WordCountModel.swift */ = {isa = PBXFileReference; lastKnownFileType = sourcecode.swift; path = WordCountModel.swift; sourceTree = "<group>"; };
		8CB2B02B2C60529400BEF75F /* Every10thCharacterRepository.swift */ = {isa = PBXFileReference; lastKnownFileType = sourcecode.swift; path = Every10thCharacterRepository.swift; sourceTree = "<group>"; };
		8CB2B02F2C6057CB00BEF75F /* WordCountRepository.swift */ = {isa = PBXFileReference; lastKnownFileType = sourcecode.swift; path = WordCountRepository.swift; sourceTree = "<group>"; };
		8CB2B0312C605D8500BEF75F /* DataLayerError.swift */ = {isa = PBXFileReference; lastKnownFileType = sourcecode.swift; path = DataLayerError.swift; sourceTree = "<group>"; };
		8CB2B0332C60607000BEF75F /* UserDefaultsCacheDataSource.swift */ = {isa = PBXFileReference; lastKnownFileType = sourcecode.swift; path = UserDefaultsCacheDataSource.swift; sourceTree = "<group>"; };
		8CB2B0362C60639700BEF75F /* Every10thCharacterUseCase.swift */ = {isa = PBXFileReference; lastKnownFileType = sourcecode.swift; path = Every10thCharacterUseCase.swift; sourceTree = "<group>"; };
		8CB2B0382C6063B800BEF75F /* DomainLayerProtocols.swift */ = {isa = PBXFileReference; lastKnownFileType = sourcecode.swift; path = DomainLayerProtocols.swift; sourceTree = "<group>"; };
		8CB2B03C2C6064F900BEF75F /* MainViewModel.swift */ = {isa = PBXFileReference; lastKnownFileType = sourcecode.swift; path = MainViewModel.swift; sourceTree = "<group>"; };
		8CB2B0422C60792C00BEF75F /* WordCountUseCase.swift */ = {isa = PBXFileReference; lastKnownFileType = sourcecode.swift; path = WordCountUseCase.swift; sourceTree = "<group>"; };
		8CB2B0452C608C1F00BEF75F /* CoreProtocols.swift */ = {isa = PBXFileReference; lastKnownFileType = sourcecode.swift; path = CoreProtocols.swift; sourceTree = "<group>"; };
		8CB2B0472C608D2C00BEF75F /* DefaultSchedulerProvider.swift */ = {isa = PBXFileReference; lastKnownFileType = sourcecode.swift; path = DefaultSchedulerProvider.swift; sourceTree = "<group>"; };
		8CB2B0492C60944300BEF75F /* MainDependenciesResolver.swift */ = {isa = PBXFileReference; lastKnownFileType = sourcecode.swift; path = MainDependenciesResolver.swift; sourceTree = "<group>"; };
/* End PBXFileReference section */

/* Begin PBXFrameworksBuildPhase section */
		8CB2AFC52C602F2A00BEF75F /* Frameworks */ = {
			isa = PBXFrameworksBuildPhase;
			buildActionMask = 2147483647;
			files = (
			);
			runOnlyForDeploymentPostprocessing = 0;
		};
		8CB2AFD62C602F2B00BEF75F /* Frameworks */ = {
			isa = PBXFrameworksBuildPhase;
			buildActionMask = 2147483647;
			files = (
			);
			runOnlyForDeploymentPostprocessing = 0;
		};
		8CB2AFE02C602F2C00BEF75F /* Frameworks */ = {
			isa = PBXFrameworksBuildPhase;
			buildActionMask = 2147483647;
			files = (
			);
			runOnlyForDeploymentPostprocessing = 0;
		};
/* End PBXFrameworksBuildPhase section */

/* Begin PBXGroup section */
		8C429FB62C609D0600053362 /* Compass TestUITests */ = {
			isa = PBXGroup;
			children = (
				8C429FB42C609D0600053362 /* Compass_TestUITests.swift */,
				8C429FB52C609D0600053362 /* Compass_TestUITestsLaunchTests.swift */,
			);
			path = "Compass TestUITests";
			sourceTree = SOURCE_ROOT;
		};
		8CB2AFBF2C602F2A00BEF75F = {
			isa = PBXGroup;
			children = (
				8CB2AFCA2C602F2A00BEF75F /* Compass Test */,
				8CB2AFDC2C602F2C00BEF75F /* Compass TestTests */,
				8C429FB62C609D0600053362 /* Compass TestUITests */,
				8CB2AFC92C602F2A00BEF75F /* Products */,
			);
			sourceTree = "<group>";
		};
		8CB2AFC92C602F2A00BEF75F /* Products */ = {
			isa = PBXGroup;
			children = (
				8CB2AFC82C602F2A00BEF75F /* Compass Test.app */,
				8CB2AFD92C602F2B00BEF75F /* Compass TestTests.xctest */,
				8CB2AFE32C602F2C00BEF75F /* Compass TestUITests.xctest */,
			);
			name = Products;
			sourceTree = "<group>";
		};
		8CB2AFCA2C602F2A00BEF75F /* Compass Test */ = {
			isa = PBXGroup;
			children = (
				8CB2AFCB2C602F2A00BEF75F /* Compass_TestApp.swift */,
				8CB2B0442C608C1100BEF75F /* Core */,
				8CB2AFF72C602F7500BEF75F /* DataLayer */,
				8CB2B01E2C603CEE00BEF75F /* DomainLayer */,
				8CB2B03A2C6064D800BEF75F /* PresentationLayer */,
				8CB2AFCF2C602F2B00BEF75F /* Assets.xcassets */,
				8CB2AFD12C602F2B00BEF75F /* Compass_Test.entitlements */,
				8CB2AFD22C602F2B00BEF75F /* Preview Content */,
			);
			path = "Compass Test";
			sourceTree = "<group>";
		};
		8CB2AFD22C602F2B00BEF75F /* Preview Content */ = {
			isa = PBXGroup;
			children = (
				8CB2AFD32C602F2B00BEF75F /* Preview Assets.xcassets */,
			);
			path = "Preview Content";
			sourceTree = "<group>";
		};
		8CB2AFDC2C602F2C00BEF75F /* Compass TestTests */ = {
			isa = PBXGroup;
			children = (
				8C429FBB2C60A0CF00053362 /* Mocks.swift */,
				8CB2AFDD2C602F2C00BEF75F /* DefaultSchedulerProviderTests.swift */,
				8C429FB92C609E2900053362 /* MainDependenciesResolverTests.swift */,
				8C429FBD2C60A2B700053362 /* Every10thCharacterRepositoryTests.swift */,
				8C429FBF2C61106B00053362 /* WordCountRepositoryTests.swift */,
				8C429FC12C6121A700053362 /* Every10thCharacterUseCaseTests.swift */,
				8C429FC32C6123C200053362 /* WordCountUseCaseTests.swift */,
				8C429FC52C61261200053362 /* MainViewModelTests.swift */,
			);
			path = "Compass TestTests";
			sourceTree = "<group>";
		};
		8CB2AFF62C602F6300BEF75F /* Views */ = {
			isa = PBXGroup;
			children = (
				8CB2AFCD2C602F2A00BEF75F /* ContentView.swift */,
			);
			path = Views;
			sourceTree = "<group>";
		};
		8CB2AFF72C602F7500BEF75F /* DataLayer */ = {
			isa = PBXGroup;
			children = (
				8CB2B0142C6039A300BEF75F /* DataLayerProtocols.swift */,
				8CB2B0102C60395700BEF75F /* DataSources */,
				8CB2B0112C60396000BEF75F /* DTOs */,
				8CB2B0132C60397000BEF75F /* Repositories */,
				8CB2B0312C605D8500BEF75F /* DataLayerError.swift */,
			);
			path = DataLayer;
			sourceTree = "<group>";
		};
		8CB2B0102C60395700BEF75F /* DataSources */ = {
			isa = PBXGroup;
			children = (
				8CB2B0162C6039D700BEF75F /* NetworkingDataSource.swift */,
				8CB2B0182C603A2400BEF75F /* InMemoryCacheDataSource.swift */,
				8CB2B0332C60607000BEF75F /* UserDefaultsCacheDataSource.swift */,
			);
			path = DataSources;
			sourceTree = "<group>";
		};
		8CB2B0112C60396000BEF75F /* DTOs */ = {
			isa = PBXGroup;
			children = (
				8CB2B01A2C603C2000BEF75F /* Every10thCharacterDTO.swift */,
				8CB2B01C2C603C3A00BEF75F /* WordCountDTO.swift */,
			);
			path = DTOs;
			sourceTree = "<group>";
		};
		8CB2B0132C60397000BEF75F /* Repositories */ = {
			isa = PBXGroup;
			children = (
				8CB2B02B2C60529400BEF75F /* Every10thCharacterRepository.swift */,
				8CB2B02F2C6057CB00BEF75F /* WordCountRepository.swift */,
			);
			path = Repositories;
			sourceTree = "<group>";
		};
		8CB2B01E2C603CEE00BEF75F /* DomainLayer */ = {
			isa = PBXGroup;
			children = (
				8CB2B0382C6063B800BEF75F /* DomainLayerProtocols.swift */,
				8CB2B0352C60637700BEF75F /* UseCases */,
				8CB2B01F2C603CFD00BEF75F /* Models */,
			);
			path = DomainLayer;
			sourceTree = "<group>";
		};
		8CB2B01F2C603CFD00BEF75F /* Models */ = {
			isa = PBXGroup;
			children = (
				8CB2B0202C603D0700BEF75F /* Every10thCharacterModel.swift */,
				8CB2B0222C603D1900BEF75F /* WordCountModel.swift */,
			);
			path = Models;
			sourceTree = "<group>";
		};
		8CB2B0352C60637700BEF75F /* UseCases */ = {
			isa = PBXGroup;
			children = (
				8CB2B0362C60639700BEF75F /* Every10thCharacterUseCase.swift */,
				8CB2B0422C60792C00BEF75F /* WordCountUseCase.swift */,
			);
			path = UseCases;
			sourceTree = "<group>";
		};
		8CB2B03A2C6064D800BEF75F /* PresentationLayer */ = {
			isa = PBXGroup;
			children = (
				8CB2B03B2C6064ED00BEF75F /* ViewModels */,
				8CB2AFF62C602F6300BEF75F /* Views */,
			);
			path = PresentationLayer;
			sourceTree = "<group>";
		};
		8CB2B03B2C6064ED00BEF75F /* ViewModels */ = {
			isa = PBXGroup;
			children = (
				8CB2B03C2C6064F900BEF75F /* MainViewModel.swift */,
			);
			path = ViewModels;
			sourceTree = "<group>";
		};
		8CB2B0442C608C1100BEF75F /* Core */ = {
			isa = PBXGroup;
			children = (
				8CB2B0452C608C1F00BEF75F /* CoreProtocols.swift */,
				8CB2B0472C608D2C00BEF75F /* DefaultSchedulerProvider.swift */,
				8CB2B0492C60944300BEF75F /* MainDependenciesResolver.swift */,
			);
			path = Core;
			sourceTree = "<group>";
		};
/* End PBXGroup section */

/* Begin PBXNativeTarget section */
		8CB2AFC72C602F2A00BEF75F /* Compass Test */ = {
			isa = PBXNativeTarget;
			buildConfigurationList = 8CB2AFED2C602F2C00BEF75F /* Build configuration list for PBXNativeTarget "Compass Test" */;
			buildPhases = (
				8CB2AFC42C602F2A00BEF75F /* Sources */,
				8CB2AFC52C602F2A00BEF75F /* Frameworks */,
				8CB2AFC62C602F2A00BEF75F /* Resources */,
			);
			buildRules = (
			);
			dependencies = (
			);
			name = "Compass Test";
			productName = "Compass Test";
			productReference = 8CB2AFC82C602F2A00BEF75F /* Compass Test.app */;
			productType = "com.apple.product-type.application";
		};
		8CB2AFD82C602F2B00BEF75F /* Compass TestTests */ = {
			isa = PBXNativeTarget;
			buildConfigurationList = 8CB2AFF02C602F2C00BEF75F /* Build configuration list for PBXNativeTarget "Compass TestTests" */;
			buildPhases = (
				8CB2AFD52C602F2B00BEF75F /* Sources */,
				8CB2AFD62C602F2B00BEF75F /* Frameworks */,
				8CB2AFD72C602F2B00BEF75F /* Resources */,
			);
			buildRules = (
			);
			dependencies = (
				8CB2AFDB2C602F2C00BEF75F /* PBXTargetDependency */,
			);
			name = "Compass TestTests";
			productName = "Compass TestTests";
			productReference = 8CB2AFD92C602F2B00BEF75F /* Compass TestTests.xctest */;
			productType = "com.apple.product-type.bundle.unit-test";
		};
		8CB2AFE22C602F2C00BEF75F /* Compass TestUITests */ = {
			isa = PBXNativeTarget;
			buildConfigurationList = 8CB2AFF32C602F2C00BEF75F /* Build configuration list for PBXNativeTarget "Compass TestUITests" */;
			buildPhases = (
				8CB2AFDF2C602F2C00BEF75F /* Sources */,
				8CB2AFE02C602F2C00BEF75F /* Frameworks */,
				8CB2AFE12C602F2C00BEF75F /* Resources */,
			);
			buildRules = (
			);
			dependencies = (
				8CB2AFE52C602F2C00BEF75F /* PBXTargetDependency */,
			);
			name = "Compass TestUITests";
			productName = "Compass TestUITests";
			productReference = 8CB2AFE32C602F2C00BEF75F /* Compass TestUITests.xctest */;
			productType = "com.apple.product-type.bundle.ui-testing";
		};
/* End PBXNativeTarget section */

/* Begin PBXProject section */
		8CB2AFC02C602F2A00BEF75F /* Project object */ = {
			isa = PBXProject;
			attributes = {
				BuildIndependentTargetsInParallel = 1;
				LastSwiftUpdateCheck = 1540;
				LastUpgradeCheck = 1540;
				TargetAttributes = {
					8CB2AFC72C602F2A00BEF75F = {
						CreatedOnToolsVersion = 15.4;
					};
					8CB2AFD82C602F2B00BEF75F = {
						CreatedOnToolsVersion = 15.4;
						TestTargetID = 8CB2AFC72C602F2A00BEF75F;
					};
					8CB2AFE22C602F2C00BEF75F = {
						CreatedOnToolsVersion = 15.4;
					};
				};
			};
			buildConfigurationList = 8CB2AFC32C602F2A00BEF75F /* Build configuration list for PBXProject "Compass Test" */;
			compatibilityVersion = "Xcode 14.0";
			developmentRegion = en;
			hasScannedForEncodings = 0;
			knownRegions = (
				en,
				Base,
			);
			mainGroup = 8CB2AFBF2C602F2A00BEF75F;
			productRefGroup = 8CB2AFC92C602F2A00BEF75F /* Products */;
			projectDirPath = "";
			projectRoot = "";
			targets = (
				8CB2AFC72C602F2A00BEF75F /* Compass Test */,
				8CB2AFD82C602F2B00BEF75F /* Compass TestTests */,
				8CB2AFE22C602F2C00BEF75F /* Compass TestUITests */,
			);
		};
/* End PBXProject section */

/* Begin PBXResourcesBuildPhase section */
		8CB2AFC62C602F2A00BEF75F /* Resources */ = {
			isa = PBXResourcesBuildPhase;
			buildActionMask = 2147483647;
			files = (
				8CB2AFD42C602F2B00BEF75F /* Preview Assets.xcassets in Resources */,
				8CB2AFD02C602F2B00BEF75F /* Assets.xcassets in Resources */,
			);
			runOnlyForDeploymentPostprocessing = 0;
		};
		8CB2AFD72C602F2B00BEF75F /* Resources */ = {
			isa = PBXResourcesBuildPhase;
			buildActionMask = 2147483647;
			files = (
			);
			runOnlyForDeploymentPostprocessing = 0;
		};
		8CB2AFE12C602F2C00BEF75F /* Resources */ = {
			isa = PBXResourcesBuildPhase;
			buildActionMask = 2147483647;
			files = (
			);
			runOnlyForDeploymentPostprocessing = 0;
		};
/* End PBXResourcesBuildPhase section */

/* Begin PBXSourcesBuildPhase section */
		8CB2AFC42C602F2A00BEF75F /* Sources */ = {
			isa = PBXSourcesBuildPhase;
			buildActionMask = 2147483647;
			files = (
				8CB2B0322C605D8500BEF75F /* DataLayerError.swift in Sources */,
				8CB2B0172C6039D700BEF75F /* NetworkingDataSource.swift in Sources */,
				8CB2B0302C6057CB00BEF75F /* WordCountRepository.swift in Sources */,
				8CB2B0342C60607000BEF75F /* UserDefaultsCacheDataSource.swift in Sources */,
				8CB2B0192C603A2400BEF75F /* InMemoryCacheDataSource.swift in Sources */,
				8CB2B01B2C603C2000BEF75F /* Every10thCharacterDTO.swift in Sources */,
				8CB2B0432C60792C00BEF75F /* WordCountUseCase.swift in Sources */,
				8CB2B0482C608D2C00BEF75F /* DefaultSchedulerProvider.swift in Sources */,
				8CB2B0462C608C1F00BEF75F /* CoreProtocols.swift in Sources */,
				8CB2B04A2C60944300BEF75F /* MainDependenciesResolver.swift in Sources */,
				8CB2B01D2C603C3A00BEF75F /* WordCountDTO.swift in Sources */,
				8CB2B0232C603D1900BEF75F /* WordCountModel.swift in Sources */,
				8CB2B02C2C60529400BEF75F /* Every10thCharacterRepository.swift in Sources */,
				8CB2B0392C6063B800BEF75F /* DomainLayerProtocols.swift in Sources */,
				8CB2B0372C60639700BEF75F /* Every10thCharacterUseCase.swift in Sources */,
				8CB2AFCE2C602F2A00BEF75F /* ContentView.swift in Sources */,
				8CB2AFCC2C602F2A00BEF75F /* Compass_TestApp.swift in Sources */,
				8CB2B0212C603D0700BEF75F /* Every10thCharacterModel.swift in Sources */,
				8CB2B0152C6039A300BEF75F /* DataLayerProtocols.swift in Sources */,
				8CB2B03D2C6064F900BEF75F /* MainViewModel.swift in Sources */,
			);
			runOnlyForDeploymentPostprocessing = 0;
		};
		8CB2AFD52C602F2B00BEF75F /* Sources */ = {
			isa = PBXSourcesBuildPhase;
			buildActionMask = 2147483647;
			files = (
				8CB2AFDE2C602F2C00BEF75F /* DefaultSchedulerProviderTests.swift in Sources */,
				8C429FBA2C609E2900053362 /* MainDependenciesResolverTests.swift in Sources */,
				8C429FC22C6121A700053362 /* Every10thCharacterUseCaseTests.swift in Sources */,
				8C429FBE2C60A2B700053362 /* Every10thCharacterRepositoryTests.swift in Sources */,
				8C429FBC2C60A0CF00053362 /* Mocks.swift in Sources */,
				8C429FC42C6123C200053362 /* WordCountUseCaseTests.swift in Sources */,
				8C429FC02C61106B00053362 /* WordCountRepositoryTests.swift in Sources */,
				8C429FC62C61261200053362 /* MainViewModelTests.swift in Sources */,
			);
			runOnlyForDeploymentPostprocessing = 0;
		};
		8CB2AFDF2C602F2C00BEF75F /* Sources */ = {
			isa = PBXSourcesBuildPhase;
			buildActionMask = 2147483647;
			files = (
				8C429FB72C609D0600053362 /* Compass_TestUITests.swift in Sources */,
				8C429FB82C609D0600053362 /* Compass_TestUITestsLaunchTests.swift in Sources */,
			);
			runOnlyForDeploymentPostprocessing = 0;
		};
/* End PBXSourcesBuildPhase section */

/* Begin PBXTargetDependency section */
		8CB2AFDB2C602F2C00BEF75F /* PBXTargetDependency */ = {
			isa = PBXTargetDependency;
			target = 8CB2AFC72C602F2A00BEF75F /* Compass Test */;
			targetProxy = 8CB2AFDA2C602F2C00BEF75F /* PBXContainerItemProxy */;
		};
		8CB2AFE52C602F2C00BEF75F /* PBXTargetDependency */ = {
			isa = PBXTargetDependency;
			target = 8CB2AFC72C602F2A00BEF75F /* Compass Test */;
			targetProxy = 8CB2AFE42C602F2C00BEF75F /* PBXContainerItemProxy */;
		};
/* End PBXTargetDependency section */

/* Begin XCBuildConfiguration section */
		8CB2AFEB2C602F2C00BEF75F /* Debug */ = {
			isa = XCBuildConfiguration;
			buildSettings = {
				ALWAYS_SEARCH_USER_PATHS = NO;
				ASSETCATALOG_COMPILER_GENERATE_SWIFT_ASSET_SYMBOL_EXTENSIONS = YES;
				CLANG_ANALYZER_NONNULL = YES;
				CLANG_ANALYZER_NUMBER_OBJECT_CONVERSION = YES_AGGRESSIVE;
				CLANG_CXX_LANGUAGE_STANDARD = "gnu++20";
				CLANG_ENABLE_MODULES = YES;
				CLANG_ENABLE_OBJC_ARC = YES;
				CLANG_ENABLE_OBJC_WEAK = YES;
				CLANG_WARN_BLOCK_CAPTURE_AUTORELEASING = YES;
				CLANG_WARN_BOOL_CONVERSION = YES;
				CLANG_WARN_COMMA = YES;
				CLANG_WARN_CONSTANT_CONVERSION = YES;
				CLANG_WARN_DEPRECATED_OBJC_IMPLEMENTATIONS = YES;
				CLANG_WARN_DIRECT_OBJC_ISA_USAGE = YES_ERROR;
				CLANG_WARN_DOCUMENTATION_COMMENTS = YES;
				CLANG_WARN_EMPTY_BODY = YES;
				CLANG_WARN_ENUM_CONVERSION = YES;
				CLANG_WARN_INFINITE_RECURSION = YES;
				CLANG_WARN_INT_CONVERSION = YES;
				CLANG_WARN_NON_LITERAL_NULL_CONVERSION = YES;
				CLANG_WARN_OBJC_IMPLICIT_RETAIN_SELF = YES;
				CLANG_WARN_OBJC_LITERAL_CONVERSION = YES;
				CLANG_WARN_OBJC_ROOT_CLASS = YES_ERROR;
				CLANG_WARN_QUOTED_INCLUDE_IN_FRAMEWORK_HEADER = YES;
				CLANG_WARN_RANGE_LOOP_ANALYSIS = YES;
				CLANG_WARN_STRICT_PROTOTYPES = YES;
				CLANG_WARN_SUSPICIOUS_MOVE = YES;
				CLANG_WARN_UNGUARDED_AVAILABILITY = YES_AGGRESSIVE;
				CLANG_WARN_UNREACHABLE_CODE = YES;
				CLANG_WARN__DUPLICATE_METHOD_MATCH = YES;
				COPY_PHASE_STRIP = NO;
				DEBUG_INFORMATION_FORMAT = dwarf;
				ENABLE_STRICT_OBJC_MSGSEND = YES;
				ENABLE_TESTABILITY = YES;
				ENABLE_USER_SCRIPT_SANDBOXING = YES;
				GCC_C_LANGUAGE_STANDARD = gnu17;
				GCC_DYNAMIC_NO_PIC = NO;
				GCC_NO_COMMON_BLOCKS = YES;
				GCC_OPTIMIZATION_LEVEL = 0;
				GCC_PREPROCESSOR_DEFINITIONS = (
					"DEBUG=1",
					"$(inherited)",
				);
				GCC_WARN_64_TO_32_BIT_CONVERSION = YES;
				GCC_WARN_ABOUT_RETURN_TYPE = YES_ERROR;
				GCC_WARN_UNDECLARED_SELECTOR = YES;
				GCC_WARN_UNINITIALIZED_AUTOS = YES_AGGRESSIVE;
				GCC_WARN_UNUSED_FUNCTION = YES;
				GCC_WARN_UNUSED_VARIABLE = YES;
				LOCALIZATION_PREFERS_STRING_CATALOGS = YES;
				MTL_ENABLE_DEBUG_INFO = INCLUDE_SOURCE;
				MTL_FAST_MATH = YES;
				ONLY_ACTIVE_ARCH = YES;
				SWIFT_ACTIVE_COMPILATION_CONDITIONS = "DEBUG $(inherited)";
				SWIFT_OPTIMIZATION_LEVEL = "-Onone";
			};
			name = Debug;
		};
		8CB2AFEC2C602F2C00BEF75F /* Release */ = {
			isa = XCBuildConfiguration;
			buildSettings = {
				ALWAYS_SEARCH_USER_PATHS = NO;
				ASSETCATALOG_COMPILER_GENERATE_SWIFT_ASSET_SYMBOL_EXTENSIONS = YES;
				CLANG_ANALYZER_NONNULL = YES;
				CLANG_ANALYZER_NUMBER_OBJECT_CONVERSION = YES_AGGRESSIVE;
				CLANG_CXX_LANGUAGE_STANDARD = "gnu++20";
				CLANG_ENABLE_MODULES = YES;
				CLANG_ENABLE_OBJC_ARC = YES;
				CLANG_ENABLE_OBJC_WEAK = YES;
				CLANG_WARN_BLOCK_CAPTURE_AUTORELEASING = YES;
				CLANG_WARN_BOOL_CONVERSION = YES;
				CLANG_WARN_COMMA = YES;
				CLANG_WARN_CONSTANT_CONVERSION = YES;
				CLANG_WARN_DEPRECATED_OBJC_IMPLEMENTATIONS = YES;
				CLANG_WARN_DIRECT_OBJC_ISA_USAGE = YES_ERROR;
				CLANG_WARN_DOCUMENTATION_COMMENTS = YES;
				CLANG_WARN_EMPTY_BODY = YES;
				CLANG_WARN_ENUM_CONVERSION = YES;
				CLANG_WARN_INFINITE_RECURSION = YES;
				CLANG_WARN_INT_CONVERSION = YES;
				CLANG_WARN_NON_LITERAL_NULL_CONVERSION = YES;
				CLANG_WARN_OBJC_IMPLICIT_RETAIN_SELF = YES;
				CLANG_WARN_OBJC_LITERAL_CONVERSION = YES;
				CLANG_WARN_OBJC_ROOT_CLASS = YES_ERROR;
				CLANG_WARN_QUOTED_INCLUDE_IN_FRAMEWORK_HEADER = YES;
				CLANG_WARN_RANGE_LOOP_ANALYSIS = YES;
				CLANG_WARN_STRICT_PROTOTYPES = YES;
				CLANG_WARN_SUSPICIOUS_MOVE = YES;
				CLANG_WARN_UNGUARDED_AVAILABILITY = YES_AGGRESSIVE;
				CLANG_WARN_UNREACHABLE_CODE = YES;
				CLANG_WARN__DUPLICATE_METHOD_MATCH = YES;
				COPY_PHASE_STRIP = NO;
				DEBUG_INFORMATION_FORMAT = "dwarf-with-dsym";
				ENABLE_NS_ASSERTIONS = NO;
				ENABLE_STRICT_OBJC_MSGSEND = YES;
				ENABLE_USER_SCRIPT_SANDBOXING = YES;
				GCC_C_LANGUAGE_STANDARD = gnu17;
				GCC_NO_COMMON_BLOCKS = YES;
				GCC_WARN_64_TO_32_BIT_CONVERSION = YES;
				GCC_WARN_ABOUT_RETURN_TYPE = YES_ERROR;
				GCC_WARN_UNDECLARED_SELECTOR = YES;
				GCC_WARN_UNINITIALIZED_AUTOS = YES_AGGRESSIVE;
				GCC_WARN_UNUSED_FUNCTION = YES;
				GCC_WARN_UNUSED_VARIABLE = YES;
				LOCALIZATION_PREFERS_STRING_CATALOGS = YES;
				MTL_ENABLE_DEBUG_INFO = NO;
				MTL_FAST_MATH = YES;
				SWIFT_COMPILATION_MODE = wholemodule;
			};
			name = Release;
		};
		8CB2AFEE2C602F2C00BEF75F /* Debug */ = {
			isa = XCBuildConfiguration;
			buildSettings = {
				ASSETCATALOG_COMPILER_APPICON_NAME = AppIcon;
				ASSETCATALOG_COMPILER_GLOBAL_ACCENT_COLOR_NAME = AccentColor;
				CODE_SIGN_ENTITLEMENTS = "Compass Test/Compass_Test.entitlements";
				CODE_SIGN_STYLE = Automatic;
				CURRENT_PROJECT_VERSION = 1;
				DEVELOPMENT_ASSET_PATHS = "\"Compass Test/Preview Content\"";
				DEVELOPMENT_TEAM = JDVFZ9SL88;
				ENABLE_PREVIEWS = YES;
				GENERATE_INFOPLIST_FILE = YES;
				"INFOPLIST_KEY_UIApplicationSceneManifest_Generation[sdk=iphoneos*]" = YES;
				"INFOPLIST_KEY_UIApplicationSceneManifest_Generation[sdk=iphonesimulator*]" = YES;
				"INFOPLIST_KEY_UIApplicationSupportsIndirectInputEvents[sdk=iphoneos*]" = YES;
				"INFOPLIST_KEY_UIApplicationSupportsIndirectInputEvents[sdk=iphonesimulator*]" = YES;
				"INFOPLIST_KEY_UILaunchScreen_Generation[sdk=iphoneos*]" = YES;
				"INFOPLIST_KEY_UILaunchScreen_Generation[sdk=iphonesimulator*]" = YES;
				"INFOPLIST_KEY_UIStatusBarStyle[sdk=iphoneos*]" = UIStatusBarStyleDefault;
				"INFOPLIST_KEY_UIStatusBarStyle[sdk=iphonesimulator*]" = UIStatusBarStyleDefault;
				INFOPLIST_KEY_UISupportedInterfaceOrientations_iPad = "UIInterfaceOrientationPortrait UIInterfaceOrientationPortraitUpsideDown UIInterfaceOrientationLandscapeLeft UIInterfaceOrientationLandscapeRight";
				INFOPLIST_KEY_UISupportedInterfaceOrientations_iPhone = "UIInterfaceOrientationPortrait UIInterfaceOrientationLandscapeLeft UIInterfaceOrientationLandscapeRight";
				IPHONEOS_DEPLOYMENT_TARGET = 17.5;
				LD_RUNPATH_SEARCH_PATHS = "@executable_path/Frameworks";
				"LD_RUNPATH_SEARCH_PATHS[sdk=macosx*]" = "@executable_path/../Frameworks";
				MACOSX_DEPLOYMENT_TARGET = 14.5;
				MARKETING_VERSION = 1.0;
				PRODUCT_BUNDLE_IDENTIFIER = "com.martincrespi.Compass-Test";
				PRODUCT_NAME = "$(TARGET_NAME)";
				SDKROOT = auto;
				SUPPORTED_PLATFORMS = "iphoneos iphonesimulator macosx";
				SWIFT_EMIT_LOC_STRINGS = YES;
				SWIFT_VERSION = 5.0;
				TARGETED_DEVICE_FAMILY = "1,2";
			};
			name = Debug;
		};
		8CB2AFEF2C602F2C00BEF75F /* Release */ = {
			isa = XCBuildConfiguration;
			buildSettings = {
				ASSETCATALOG_COMPILER_APPICON_NAME = AppIcon;
				ASSETCATALOG_COMPILER_GLOBAL_ACCENT_COLOR_NAME = AccentColor;
				CODE_SIGN_ENTITLEMENTS = "Compass Test/Compass_Test.entitlements";
				CODE_SIGN_STYLE = Automatic;
				CURRENT_PROJECT_VERSION = 1;
				DEVELOPMENT_ASSET_PATHS = "\"Compass Test/Preview Content\"";
				DEVELOPMENT_TEAM = JDVFZ9SL88;
				ENABLE_PREVIEWS = YES;
				GENERATE_INFOPLIST_FILE = YES;
				"INFOPLIST_KEY_UIApplicationSceneManifest_Generation[sdk=iphoneos*]" = YES;
				"INFOPLIST_KEY_UIApplicationSceneManifest_Generation[sdk=iphonesimulator*]" = YES;
				"INFOPLIST_KEY_UIApplicationSupportsIndirectInputEvents[sdk=iphoneos*]" = YES;
				"INFOPLIST_KEY_UIApplicationSupportsIndirectInputEvents[sdk=iphonesimulator*]" = YES;
				"INFOPLIST_KEY_UILaunchScreen_Generation[sdk=iphoneos*]" = YES;
				"INFOPLIST_KEY_UILaunchScreen_Generation[sdk=iphonesimulator*]" = YES;
				"INFOPLIST_KEY_UIStatusBarStyle[sdk=iphoneos*]" = UIStatusBarStyleDefault;
				"INFOPLIST_KEY_UIStatusBarStyle[sdk=iphonesimulator*]" = UIStatusBarStyleDefault;
				INFOPLIST_KEY_UISupportedInterfaceOrientations_iPad = "UIInterfaceOrientationPortrait UIInterfaceOrientationPortraitUpsideDown UIInterfaceOrientationLandscapeLeft UIInterfaceOrientationLandscapeRight";
				INFOPLIST_KEY_UISupportedInterfaceOrientations_iPhone = "UIInterfaceOrientationPortrait UIInterfaceOrientationLandscapeLeft UIInterfaceOrientationLandscapeRight";
				IPHONEOS_DEPLOYMENT_TARGET = 17.5;
				LD_RUNPATH_SEARCH_PATHS = "@executable_path/Frameworks";
				"LD_RUNPATH_SEARCH_PATHS[sdk=macosx*]" = "@executable_path/../Frameworks";
				MACOSX_DEPLOYMENT_TARGET = 14.5;
				MARKETING_VERSION = 1.0;
				PRODUCT_BUNDLE_IDENTIFIER = "com.martincrespi.Compass-Test";
				PRODUCT_NAME = "$(TARGET_NAME)";
				SDKROOT = auto;
				SUPPORTED_PLATFORMS = "iphoneos iphonesimulator macosx";
				SWIFT_EMIT_LOC_STRINGS = YES;
				SWIFT_VERSION = 5.0;
				TARGETED_DEVICE_FAMILY = "1,2";
			};
			name = Release;
		};
		8CB2AFF12C602F2C00BEF75F /* Debug */ = {
			isa = XCBuildConfiguration;
			buildSettings = {
				ALWAYS_EMBED_SWIFT_STANDARD_LIBRARIES = YES;
				BUNDLE_LOADER = "$(TEST_HOST)";
				CODE_SIGN_STYLE = Automatic;
				CURRENT_PROJECT_VERSION = 1;
				GENERATE_INFOPLIST_FILE = YES;
				IPHONEOS_DEPLOYMENT_TARGET = 17.5;
				MACOSX_DEPLOYMENT_TARGET = 14.5;
				MARKETING_VERSION = 1.0;
				PRODUCT_BUNDLE_IDENTIFIER = "com.martincrespi.Compass-TestTests";
				PRODUCT_NAME = "$(TARGET_NAME)";
				SDKROOT = auto;
				SUPPORTED_PLATFORMS = "iphoneos iphonesimulator macosx";
				SWIFT_EMIT_LOC_STRINGS = NO;
				SWIFT_VERSION = 5.0;
				TARGETED_DEVICE_FAMILY = "1,2";
				TEST_HOST = "$(BUILT_PRODUCTS_DIR)/Compass Test.app/$(BUNDLE_EXECUTABLE_FOLDER_PATH)/Compass Test";
			};
			name = Debug;
		};
		8CB2AFF22C602F2C00BEF75F /* Release */ = {
			isa = XCBuildConfiguration;
			buildSettings = {
				ALWAYS_EMBED_SWIFT_STANDARD_LIBRARIES = YES;
				BUNDLE_LOADER = "$(TEST_HOST)";
				CODE_SIGN_STYLE = Automatic;
				CURRENT_PROJECT_VERSION = 1;
				GENERATE_INFOPLIST_FILE = YES;
				IPHONEOS_DEPLOYMENT_TARGET = 17.5;
				MACOSX_DEPLOYMENT_TARGET = 14.5;
				MARKETING_VERSION = 1.0;
				PRODUCT_BUNDLE_IDENTIFIER = "com.martincrespi.Compass-TestTests";
				PRODUCT_NAME = "$(TARGET_NAME)";
				SDKROOT = auto;
				SUPPORTED_PLATFORMS = "iphoneos iphonesimulator macosx";
				SWIFT_EMIT_LOC_STRINGS = NO;
				SWIFT_VERSION = 5.0;
				TARGETED_DEVICE_FAMILY = "1,2";
				TEST_HOST = "$(BUILT_PRODUCTS_DIR)/Compass Test.app/$(BUNDLE_EXECUTABLE_FOLDER_PATH)/Compass Test";
			};
			name = Release;
		};
		8CB2AFF42C602F2C00BEF75F /* Debug */ = {
			isa = XCBuildConfiguration;
			buildSettings = {
				ALWAYS_EMBED_SWIFT_STANDARD_LIBRARIES = YES;
				CODE_SIGN_STYLE = Automatic;
				CURRENT_PROJECT_VERSION = 1;
				GENERATE_INFOPLIST_FILE = YES;
				IPHONEOS_DEPLOYMENT_TARGET = 17.5;
				MACOSX_DEPLOYMENT_TARGET = 14.5;
				MARKETING_VERSION = 1.0;
				PRODUCT_BUNDLE_IDENTIFIER = "com.martincrespi.Compass-TestUITests";
				PRODUCT_NAME = "$(TARGET_NAME)";
				PROVISIONING_PROFILE = "";
				SDKROOT = auto;
				SUPPORTED_PLATFORMS = "iphoneos iphonesimulator macosx";
				SWIFT_EMIT_LOC_STRINGS = NO;
				SWIFT_VERSION = 5.0;
				TARGETED_DEVICE_FAMILY = "1,2";
			};
			name = Debug;
		};
		8CB2AFF52C602F2C00BEF75F /* Release */ = {
			isa = XCBuildConfiguration;
			buildSettings = {
				ALWAYS_EMBED_SWIFT_STANDARD_LIBRARIES = YES;
				CODE_SIGN_STYLE = Automatic;
				CURRENT_PROJECT_VERSION = 1;
				GENERATE_INFOPLIST_FILE = YES;
				IPHONEOS_DEPLOYMENT_TARGET = 17.5;
				MACOSX_DEPLOYMENT_TARGET = 14.5;
				MARKETING_VERSION = 1.0;
				PRODUCT_BUNDLE_IDENTIFIER = "com.martincrespi.Compass-TestUITests";
				PRODUCT_NAME = "$(TARGET_NAME)";
				PROVISIONING_PROFILE = "";
				SDKROOT = auto;
				SUPPORTED_PLATFORMS = "iphoneos iphonesimulator macosx";
				SWIFT_EMIT_LOC_STRINGS = NO;
				SWIFT_VERSION = 5.0;
				TARGETED_DEVICE_FAMILY = "1,2";
			};
			name = Release;
		};
/* End XCBuildConfiguration section */

/* Begin XCConfigurationList section */
		8CB2AFC32C602F2A00BEF75F /* Build configuration list for PBXProject "Compass Test" */ = {
			isa = XCConfigurationList;
			buildConfigurations = (
				8CB2AFEB2C602F2C00BEF75F /* Debug */,
				8CB2AFEC2C602F2C00BEF75F /* Release */,
			);
			defaultConfigurationIsVisible = 0;
			defaultConfigurationName = Release;
		};
		8CB2AFED2C602F2C00BEF75F /* Build configuration list for PBXNativeTarget "Compass Test" */ = {
			isa = XCConfigurationList;
			buildConfigurations = (
				8CB2AFEE2C602F2C00BEF75F /* Debug */,
				8CB2AFEF2C602F2C00BEF75F /* Release */,
			);
			defaultConfigurationIsVisible = 0;
			defaultConfigurationName = Release;
		};
		8CB2AFF02C602F2C00BEF75F /* Build configuration list for PBXNativeTarget "Compass TestTests" */ = {
			isa = XCConfigurationList;
			buildConfigurations = (
				8CB2AFF12C602F2C00BEF75F /* Debug */,
				8CB2AFF22C602F2C00BEF75F /* Release */,
			);
			defaultConfigurationIsVisible = 0;
			defaultConfigurationName = Release;
		};
		8CB2AFF32C602F2C00BEF75F /* Build configuration list for PBXNativeTarget "Compass TestUITests" */ = {
			isa = XCConfigurationList;
			buildConfigurations = (
				8CB2AFF42C602F2C00BEF75F /* Debug */,
				8CB2AFF52C602F2C00BEF75F /* Release */,
			);
			defaultConfigurationIsVisible = 0;
			defaultConfigurationName = Release;
		};
/* End XCConfigurationList section */
	};
	rootObject = 8CB2AFC02C602F2A00BEF75F /* Project object */;
}
